
Microsoft Visual Studio Solution File, Format Version 12.00
# Visual Studio Version 17
VisualStudioVersion = 17.8.34525.116
MinimumVisualStudioVersion = 10.0.40219.1
Project("{FAE04EC0-301F-11D3-BF4B-00C04F79EFBC}") = "MyShop.Core", "MyShop.Core\MyShop.Core.csproj", "{C09E2E09-3349-4CE3-B222-EB645C6B152B}"
EndProject
Project("{FAE04EC0-301F-11D3-BF4B-00C04F79EFBC}") = "MyShop.Services", "MyShop.Services\MyShop.Services.csproj", "{C58676EA-2E24-408C-974D-A998F652DB28}"
EndProject
Project("{FAE04EC0-301F-11D3-BF4B-00C04F79EFBC}") = "MyShop.DataAccess.SQL", "MyShopDataAccess.SQL\MyShop.DataAccess.SQL.csproj", "{DF9F502B-3A8F-4E99-B222-3A4CE3CD14FF}"
EndProject
Project("{FAE04EC0-301F-11D3-BF4B-00C04F79EFBC}") = "MyShop.DataAccess.InMemory", "MyShop.DataAccess.InMemory\MyShop.DataAccess.InMemory.csproj", "{88470584-6674-4AF9-B261-B06EC9C0CAB4}"
EndProject
Project("{FAE04EC0-301F-11D3-BF4B-00C04F79EFBC}") = "MyShop.WebUI", "MyShop.WebUI\MyShop.WebUI.csproj", "{A26C138D-A4C3-47CA-813B-C2C8579DDDB2}"
EndProject
Project("{FAE04EC0-301F-11D3-BF4B-00C04F79EFBC}") = "MyShop.WebUI.Tests", "MyShop.WebUI.Tests\MyShop.WebUI.Tests.csproj", "{895D39E5-A4D1-4688-AB60-6A0351D38D53}"
EndProject
Global
	GlobalSection(SolutionConfigurationPlatforms) = preSolution
		Debug|Any CPU = Debug|Any CPU
		Release|Any CPU = Release|Any CPU
	EndGlobalSection
	GlobalSection(ProjectConfigurationPlatforms) = postSolution
		{C09E2E09-3349-4CE3-B222-EB645C6B152B}.Debug|Any CPU.ActiveCfg = Debug|Any CPU
		{C09E2E09-3349-4CE3-B222-EB645C6B152B}.Debug|Any CPU.Build.0 = Debug|Any CPU
		{C09E2E09-3349-4CE3-B222-EB645C6B152B}.Release|Any CPU.ActiveCfg = Release|Any CPU
		{C09E2E09-3349-4CE3-B222-EB645C6B152B}.Release|Any CPU.Build.0 = Release|Any CPU
		{C58676EA-2E24-408C-974D-A998F652DB28}.Debug|Any CPU.ActiveCfg = Debug|Any CPU
		{C58676EA-2E24-408C-974D-A998F652DB28}.Debug|Any CPU.Build.0 = Debug|Any CPU
		{C58676EA-2E24-408C-974D-A998F652DB28}.Release|Any CPU.ActiveCfg = Release|Any CPU
		{C58676EA-2E24-408C-974D-A998F652DB28}.Release|Any CPU.Build.0 = Release|Any CPU
		{DF9F502B-3A8F-4E99-B222-3A4CE3CD14FF}.Debug|Any CPU.ActiveCfg = Debug|Any CPU
		{DF9F502B-3A8F-4E99-B222-3A4CE3CD14FF}.Debug|Any CPU.Build.0 = Debug|Any CPU
		{DF9F502B-3A8F-4E99-B222-3A4CE3CD14FF}.Release|Any CPU.ActiveCfg = Release|Any CPU
		{DF9F502B-3A8F-4E99-B222-3A4CE3CD14FF}.Release|Any CPU.Build.0 = Release|Any CPU
		{88470584-6674-4AF9-B261-B06EC9C0CAB4}.Debug|Any CPU.ActiveCfg = Debug|Any CPU
		{88470584-6674-4AF9-B261-B06EC9C0CAB4}.Debug|Any CPU.Build.0 = Debug|Any CPU
		{88470584-6674-4AF9-B261-B06EC9C0CAB4}.Release|Any CPU.ActiveCfg = Release|Any CPU
		{88470584-6674-4AF9-B261-B06EC9C0CAB4}.Release|Any CPU.Build.0 = Release|Any CPU
		{A26C138D-A4C3-47CA-813B-C2C8579DDDB2}.Debug|Any CPU.ActiveCfg = Debug|Any CPU
		{A26C138D-A4C3-47CA-813B-C2C8579DDDB2}.Debug|Any CPU.Build.0 = Debug|Any CPU
		{A26C138D-A4C3-47CA-813B-C2C8579DDDB2}.Release|Any CPU.ActiveCfg = Release|Any CPU
		{A26C138D-A4C3-47CA-813B-C2C8579DDDB2}.Release|Any CPU.Build.0 = Release|Any CPU
		{895D39E5-A4D1-4688-AB60-6A0351D38D53}.Debug|Any CPU.ActiveCfg = Debug|Any CPU
		{895D39E5-A4D1-4688-AB60-6A0351D38D53}.Debug|Any CPU.Build.0 = Debug|Any CPU
		{895D39E5-A4D1-4688-AB60-6A0351D38D53}.Release|Any CPU.ActiveCfg = Release|Any CPU
		{895D39E5-A4D1-4688-AB60-6A0351D38D53}.Release|Any CPU.Build.0 = Release|Any CPU
	EndGlobalSection
	GlobalSection(SolutionProperties) = preSolution
		HideSolutionNode = FALSE
	EndGlobalSection
	GlobalSection(ExtensibilityGlobals) = postSolution
		SolutionGuid = {05928A14-323D-44A0-8A0C-958BC14C4A56}
	EndGlobalSection
EndGlobal
